{
  "name": "cmdlist",
  "version": "1.0.0",
  "lockfileVersion": 3,
  "requires": true,
  "packages": {
    "": {
      "name": "cmdlist",
      "version": "1.0.0",
      "license": "MIT",
      "dependencies": {
        "cmdlist": "^1.0.0",
        "keypress": "^0.2.1",
        "readline": "^1.3.0"
      },
      "bin": {
        "cmdlist": "index.js"
      }
    },
    "node_modules/cmdlist": {
      "version": "1.0.0",
      "resolved": "https://registry.npmjs.org/cmdlist/-/cmdlist-1.0.0.tgz",
      "integrity": "sha512-tCp5RvmT588Gar8pfrQDJiXG+QhoCeWMRVhSwkvOGkmTAAdj6+LL/pUX2DdTxvzFC2Yzrcd30AWlEXYNQVrfbA==",
      "dependencies": {
        "keypress": "^0.2.1",
        "readline": "^1.3.0"
      },
      "bin": {
        "cmdlist": "index.js"
      }
    },
    "node_modules/keypress": {
      "version": "0.2.1",
      "resolved": "https://registry.npmjs.org/keypress/-/keypress-0.2.1.tgz",
      "integrity": "sha512-HjorDJFNhnM4SicvaUXac0X77NiskggxJdesG72+O5zBKpSqKFCrqmndKVqpu3pFqkla0St6uGk8Ju0sCurrmg=="
    },
    "node_modules/readline": {
      "version": "1.3.0",
      "resolved": "https://registry.npmjs.org/readline/-/readline-1.3.0.tgz",
      "integrity": "sha512-k2d6ACCkiNYz222Fs/iNze30rRJ1iIicW7JuX/7/cozvih6YCkFZH+J6mAFDVgv0dRBaAyr4jDqC95R2y4IADg=="
    }
  }
}
